{
  "requires": true,
  "lockfileVersion": 1,
  "dependencies": {
    "@types/p5": {
      "version": "0.7.3",
      "resolved": "https://registry.npmjs.org/@types/p5/-/p5-0.7.3.tgz",
      "integrity": "sha512-VXkm/JpR5bNKHVW5wkg0thyjoMjGU7CtGKvPaoQts/nXwEmJC7vnLozkJrYDUKZr0ILGhE1ZqZJ8/nxXbk6dlw=="
    }
  }
}
